// !$*UTF8*$!
{
	archiveVersion = 1;
	classes = {
	};
	objectVersion = 56;
	objects = {

/* Begin PBXBuildFile section */
		0149CF3F2BB52675008BDD13 /* CatalogueView.swift in Sources */ = {isa = PBXBuildFile; fileRef = 0149CF3E2BB52675008BDD13 /* CatalogueView.swift */; };
		0149CF412BB52C43008BDD13 /* Poppins-SemiBold.ttf in Resources */ = {isa = PBXBuildFile; fileRef = 0149CF402BB52C43008BDD13 /* Poppins-SemiBold.ttf */; };
		0149CF422BB52D9D008BDD13 /* Poppins-Regular.ttf in Resources */ = {isa = PBXBuildFile; fileRef = 0149CF3B2BB52468008BDD13 /* Poppins-Regular.ttf */; };
		0163438D2BB930270044FAD7 /* Catalogue-ProductCardView.swift in Sources */ = {isa = PBXBuildFile; fileRef = 0163438C2BB930270044FAD7 /* Catalogue-ProductCardView.swift */; };
		0163438F2BB931EF0044FAD7 /* Catalogue-CategoryCardView.swift in Sources */ = {isa = PBXBuildFile; fileRef = 0163438E2BB931EF0044FAD7 /* Catalogue-CategoryCardView.swift */; };
		016343912BBA54B50044FAD7 /* Catalogue-CartCheckoutView.swift in Sources */ = {isa = PBXBuildFile; fileRef = 016343902BBA54B50044FAD7 /* Catalogue-CartCheckoutView.swift */; };
		016343AE2BBAC36B0044FAD7 /* ProductDetailView.swift in Sources */ = {isa = PBXBuildFile; fileRef = 016343AD2BBAC36B0044FAD7 /* ProductDetailView.swift */; };
		016343B02BBAC3B80044FAD7 /* Header.swift in Sources */ = {isa = PBXBuildFile; fileRef = 016343AF2BBAC3B80044FAD7 /* Header.swift */; };
		2018A8AD2BB84CC20039D031 /* Basket-ProductCardView.swift in Sources */ = {isa = PBXBuildFile; fileRef = 2018A8AC2BB84CC20039D031 /* Basket-ProductCardView.swift */; };
		2018A8AF2BB87A930039D031 /* PaymentOptModalView.swift in Sources */ = {isa = PBXBuildFile; fileRef = 2018A8AE2BB87A930039D031 /* PaymentOptModalView.swift */; };
		2018A8B12BB9C4C70039D031 /* HomeView.swift in Sources */ = {isa = PBXBuildFile; fileRef = 2018A8B02BB9C4C70039D031 /* HomeView.swift */; };
		2018A8E92BBA775E0039D031 /* Constant.swift in Sources */ = {isa = PBXBuildFile; fileRef = 2018A8E82BBA775E0039D031 /* Constant.swift */; };
		203F29072BBAEB580068D08E /* CategoryCardView.swift in Sources */ = {isa = PBXBuildFile; fileRef = 203F29062BBAEB580068D08E /* CategoryCardView.swift */; };
		20BFA0312BB799A1007899C5 /* BasketView.swift in Sources */ = {isa = PBXBuildFile; fileRef = 20BFA0302BB799A1007899C5 /* BasketView.swift */; };
		EF14F8092BBA7A5100789FD8 /* BackButton.swift in Sources */ = {isa = PBXBuildFile; fileRef = EF14F8082BBA7A5100789FD8 /* BackButton.swift */; };
		EF1FA6BF2BB887EB00A35097 /* OrderHistoryDetails.swift in Sources */ = {isa = PBXBuildFile; fileRef = EF1FA6BE2BB887EB00A35097 /* OrderHistoryDetails.swift */; };
		EF1FA6C12BBA474800A35097 /* Maps.swift in Sources */ = {isa = PBXBuildFile; fileRef = EF1FA6C02BBA474800A35097 /* Maps.swift */; };
		EF913A092BB4FE3A001453E3 /* noQApp.swift in Sources */ = {isa = PBXBuildFile; fileRef = EF913A082BB4FE3A001453E3 /* noQApp.swift */; };
		EF913A0B2BB4FE3A001453E3 /* ContentView.swift in Sources */ = {isa = PBXBuildFile; fileRef = EF913A0A2BB4FE3A001453E3 /* ContentView.swift */; };
		EF913A0D2BB4FE3A001453E3 /* Item.swift in Sources */ = {isa = PBXBuildFile; fileRef = EF913A0C2BB4FE3A001453E3 /* Item.swift */; };
		EF913A0F2BB4FE3B001453E3 /* Assets.xcassets in Resources */ = {isa = PBXBuildFile; fileRef = EF913A0E2BB4FE3B001453E3 /* Assets.xcassets */; };
		EF913A122BB4FE3B001453E3 /* Preview Assets.xcassets in Resources */ = {isa = PBXBuildFile; fileRef = EF913A112BB4FE3B001453E3 /* Preview Assets.xcassets */; };
		EF9C4DF02BB8592B000E4439 /* OrderHistory.swift in Sources */ = {isa = PBXBuildFile; fileRef = EF9C4DEF2BB8592B000E4439 /* OrderHistory.swift */; };
		F599E2A72BBA97D3005D627D /* LogIn.swift in Sources */ = {isa = PBXBuildFile; fileRef = F599E2A62BBA97D3005D627D /* LogIn.swift */; };
		F599E2A92BBAB355005D627D /* SignUpView.swift in Sources */ = {isa = PBXBuildFile; fileRef = F599E2A82BBAB355005D627D /* SignUpView.swift */; };
		F599E2AB2BBAC322005D627D /* LandingView.swift in Sources */ = {isa = PBXBuildFile; fileRef = F599E2AA2BBAC322005D627D /* LandingView.swift */; };
/* End PBXBuildFile section */

/* Begin PBXFileReference section */
		0149CF3B2BB52468008BDD13 /* Poppins-Regular.ttf */ = {isa = PBXFileReference; lastKnownFileType = file; name = "Poppins-Regular.ttf"; path = "noQ/Resources/Fonts/Poppins-Regular.ttf"; sourceTree = SOURCE_ROOT; };
		0149CF3C2BB52507008BDD13 /* Info.plist */ = {isa = PBXFileReference; lastKnownFileType = text.plist; path = Info.plist; sourceTree = "<group>"; };
		0149CF3E2BB52675008BDD13 /* CatalogueView.swift */ = {isa = PBXFileReference; lastKnownFileType = sourcecode.swift; path = CatalogueView.swift; sourceTree = "<group>"; };
		0149CF402BB52C43008BDD13 /* Poppins-SemiBold.ttf */ = {isa = PBXFileReference; lastKnownFileType = file; name = "Poppins-SemiBold.ttf"; path = "noQ/Resources/Fonts/Poppins-SemiBold.ttf"; sourceTree = SOURCE_ROOT; };
		0163438C2BB930270044FAD7 /* Catalogue-ProductCardView.swift */ = {isa = PBXFileReference; lastKnownFileType = sourcecode.swift; path = "Catalogue-ProductCardView.swift"; sourceTree = "<group>"; };
		0163438E2BB931EF0044FAD7 /* Catalogue-CategoryCardView.swift */ = {isa = PBXFileReference; lastKnownFileType = sourcecode.swift; path = "Catalogue-CategoryCardView.swift"; sourceTree = "<group>"; };
		016343902BBA54B50044FAD7 /* Catalogue-CartCheckoutView.swift */ = {isa = PBXFileReference; lastKnownFileType = sourcecode.swift; path = "Catalogue-CartCheckoutView.swift"; sourceTree = "<group>"; };
		016343AD2BBAC36B0044FAD7 /* ProductDetailView.swift */ = {isa = PBXFileReference; lastKnownFileType = sourcecode.swift; path = ProductDetailView.swift; sourceTree = "<group>"; };
		016343AF2BBAC3B80044FAD7 /* Header.swift */ = {isa = PBXFileReference; lastKnownFileType = sourcecode.swift; path = Header.swift; sourceTree = "<group>"; };
		2018A8AC2BB84CC20039D031 /* Basket-ProductCardView.swift */ = {isa = PBXFileReference; lastKnownFileType = sourcecode.swift; path = "Basket-ProductCardView.swift"; sourceTree = "<group>"; };
		2018A8AE2BB87A930039D031 /* PaymentOptModalView.swift */ = {isa = PBXFileReference; lastKnownFileType = sourcecode.swift; path = PaymentOptModalView.swift; sourceTree = "<group>"; };
		2018A8B02BB9C4C70039D031 /* HomeView.swift */ = {isa = PBXFileReference; lastKnownFileType = sourcecode.swift; path = HomeView.swift; sourceTree = "<group>"; };
		2018A8E82BBA775E0039D031 /* Constant.swift */ = {isa = PBXFileReference; lastKnownFileType = sourcecode.swift; path = Constant.swift; sourceTree = "<group>"; };
		203F29062BBAEB580068D08E /* CategoryCardView.swift */ = {isa = PBXFileReference; lastKnownFileType = sourcecode.swift; path = CategoryCardView.swift; sourceTree = "<group>"; };
		20BFA0302BB799A1007899C5 /* BasketView.swift */ = {isa = PBXFileReference; lastKnownFileType = sourcecode.swift; name = BasketView.swift; path = noQ/BasketView.swift; sourceTree = SOURCE_ROOT; };
		EF14F8082BBA7A5100789FD8 /* BackButton.swift */ = {isa = PBXFileReference; lastKnownFileType = sourcecode.swift; path = BackButton.swift; sourceTree = "<group>"; };
		EF1FA6BE2BB887EB00A35097 /* OrderHistoryDetails.swift */ = {isa = PBXFileReference; lastKnownFileType = sourcecode.swift; path = OrderHistoryDetails.swift; sourceTree = "<group>"; };
		EF1FA6C02BBA474800A35097 /* Maps.swift */ = {isa = PBXFileReference; lastKnownFileType = sourcecode.swift; path = Maps.swift; sourceTree = "<group>"; };
		EF913A052BB4FE3A001453E3 /* noQ.app */ = {isa = PBXFileReference; explicitFileType = wrapper.application; includeInIndex = 0; path = noQ.app; sourceTree = BUILT_PRODUCTS_DIR; };
		EF913A082BB4FE3A001453E3 /* noQApp.swift */ = {isa = PBXFileReference; lastKnownFileType = sourcecode.swift; path = noQApp.swift; sourceTree = "<group>"; };
		EF913A0A2BB4FE3A001453E3 /* ContentView.swift */ = {isa = PBXFileReference; lastKnownFileType = sourcecode.swift; path = ContentView.swift; sourceTree = "<group>"; };
		EF913A0C2BB4FE3A001453E3 /* Item.swift */ = {isa = PBXFileReference; lastKnownFileType = sourcecode.swift; path = Item.swift; sourceTree = "<group>"; };
		EF913A0E2BB4FE3B001453E3 /* Assets.xcassets */ = {isa = PBXFileReference; lastKnownFileType = folder.assetcatalog; path = Assets.xcassets; sourceTree = "<group>"; };
		EF913A112BB4FE3B001453E3 /* Preview Assets.xcassets */ = {isa = PBXFileReference; lastKnownFileType = folder.assetcatalog; path = "Preview Assets.xcassets"; sourceTree = "<group>"; };
		EF9C4DEF2BB8592B000E4439 /* OrderHistory.swift */ = {isa = PBXFileReference; lastKnownFileType = sourcecode.swift; path = OrderHistory.swift; sourceTree = "<group>"; };
		F599E2A62BBA97D3005D627D /* LogIn.swift */ = {isa = PBXFileReference; lastKnownFileType = sourcecode.swift; path = LogIn.swift; sourceTree = "<group>"; };
		F599E2A82BBAB355005D627D /* SignUpView.swift */ = {isa = PBXFileReference; lastKnownFileType = sourcecode.swift; path = SignUpView.swift; sourceTree = "<group>"; };
		F599E2AA2BBAC322005D627D /* LandingView.swift */ = {isa = PBXFileReference; lastKnownFileType = sourcecode.swift; path = LandingView.swift; sourceTree = "<group>"; };
/* End PBXFileReference section */

/* Begin PBXFrameworksBuildPhase section */
		EF913A022BB4FE3A001453E3 /* Frameworks */ = {
			isa = PBXFrameworksBuildPhase;
			buildActionMask = 2147483647;
			files = (
			);
			runOnlyForDeploymentPostprocessing = 0;
		};
/* End PBXFrameworksBuildPhase section */

/* Begin PBXGroup section */
		0149CF382BB5241C008BDD13 /* Resources */ = {
			isa = PBXGroup;
			children = (
				0149CF392BB52424008BDD13 /* Fonts */,
				2018A8E82BBA775E0039D031 /* Constant.swift */,
			);
			path = Resources;
			sourceTree = "<group>";
		};
		0149CF392BB52424008BDD13 /* Fonts */ = {
			isa = PBXGroup;
			children = (
				0149CF402BB52C43008BDD13 /* Poppins-SemiBold.ttf */,
				0149CF3B2BB52468008BDD13 /* Poppins-Regular.ttf */,
			);
			path = Fonts;
			sourceTree = "<group>";
		};
		0149CF3D2BB52525008BDD13 /* Views */ = {
			isa = PBXGroup;
			children = (
			);
			path = Views;
			sourceTree = "<group>";
		};
		EF14F8052BBA797D00789FD8 /* Component */ = {
			isa = PBXGroup;
			children = (
				EF14F8082BBA7A5100789FD8 /* BackButton.swift */,
				016343AF2BBAC3B80044FAD7 /* Header.swift */,
			);
			path = Component;
			sourceTree = "<group>";
		};
		EF9139FC2BB4FE3A001453E3 = {
			isa = PBXGroup;
			children = (
				EF913A072BB4FE3A001453E3 /* noQ */,
				EF913A062BB4FE3A001453E3 /* Products */,
			);
			sourceTree = "<group>";
		};
		EF913A062BB4FE3A001453E3 /* Products */ = {
			isa = PBXGroup;
			children = (
				EF913A052BB4FE3A001453E3 /* noQ.app */,
			);
			name = Products;
			sourceTree = "<group>";
		};
		EF913A072BB4FE3A001453E3 /* noQ */ = {
			isa = PBXGroup;
			children = (
				0149CF3D2BB52525008BDD13 /* Views */,
				0149CF3C2BB52507008BDD13 /* Info.plist */,
				0149CF382BB5241C008BDD13 /* Resources */,
				EF913A082BB4FE3A001453E3 /* noQApp.swift */,
				EF913A0A2BB4FE3A001453E3 /* ContentView.swift */,
				0149CF3E2BB52675008BDD13 /* CatalogueView.swift */,
				0163438C2BB930270044FAD7 /* Catalogue-ProductCardView.swift */,
				0163438E2BB931EF0044FAD7 /* Catalogue-CategoryCardView.swift */,
				016343902BBA54B50044FAD7 /* Catalogue-CartCheckoutView.swift */,
				20BFA0302BB799A1007899C5 /* BasketView.swift */,
				016343AD2BBAC36B0044FAD7 /* ProductDetailView.swift */,
				EF14F8052BBA797D00789FD8 /* Component */,
				2018A8AC2BB84CC20039D031 /* Basket-ProductCardView.swift */,
				F599E2A62BBA97D3005D627D /* LogIn.swift */,
				F599E2A82BBAB355005D627D /* SignUpView.swift */,
				F599E2AA2BBAC322005D627D /* LandingView.swift */,
				2018A8AE2BB87A930039D031 /* PaymentOptModalView.swift */,
				EF9C4DEF2BB8592B000E4439 /* OrderHistory.swift */,
				EF1FA6BE2BB887EB00A35097 /* OrderHistoryDetails.swift */,
				EF913A0C2BB4FE3A001453E3 /* Item.swift */,
				2018A8B02BB9C4C70039D031 /* HomeView.swift */,
				203F29062BBAEB580068D08E /* CategoryCardView.swift */,
				EF1FA6C02BBA474800A35097 /* Maps.swift */,
				EF913A0E2BB4FE3B001453E3 /* Assets.xcassets */,
				EF913A102BB4FE3B001453E3 /* Preview Content */,
			);
			path = noQ;
			sourceTree = "<group>";
		};
		EF913A102BB4FE3B001453E3 /* Preview Content */ = {
			isa = PBXGroup;
			children = (
				EF913A112BB4FE3B001453E3 /* Preview Assets.xcassets */,
			);
			path = "Preview Content";
			sourceTree = "<group>";
		};
/* End PBXGroup section */

/* Begin PBXNativeTarget section */
		EF913A042BB4FE3A001453E3 /* noQ */ = {
			isa = PBXNativeTarget;
			buildConfigurationList = EF913A152BB4FE3B001453E3 /* Build configuration list for PBXNativeTarget "noQ" */;
			buildPhases = (
				EF913A012BB4FE3A001453E3 /* Sources */,
				EF913A022BB4FE3A001453E3 /* Frameworks */,
				EF913A032BB4FE3A001453E3 /* Resources */,
			);
			buildRules = (
			);
			dependencies = (
			);
			name = noQ;
			productName = noQ;
			productReference = EF913A052BB4FE3A001453E3 /* noQ.app */;
			productType = "com.apple.product-type.application";
		};
/* End PBXNativeTarget section */

/* Begin PBXProject section */
		EF9139FD2BB4FE3A001453E3 /* Project object */ = {
			isa = PBXProject;
			attributes = {
				BuildIndependentTargetsInParallel = 1;
				LastSwiftUpdateCheck = 1520;
				LastUpgradeCheck = 1520;
				TargetAttributes = {
					EF913A042BB4FE3A001453E3 = {
						CreatedOnToolsVersion = 15.2;
					};
				};
			};
			buildConfigurationList = EF913A002BB4FE3A001453E3 /* Build configuration list for PBXProject "noQ" */;
			compatibilityVersion = "Xcode 14.0";
			developmentRegion = en;
			hasScannedForEncodings = 0;
			knownRegions = (
				en,
				Base,
			);
			mainGroup = EF9139FC2BB4FE3A001453E3;
			productRefGroup = EF913A062BB4FE3A001453E3 /* Products */;
			projectDirPath = "";
			projectRoot = "";
			targets = (
				EF913A042BB4FE3A001453E3 /* noQ */,
			);
		};
/* End PBXProject section */

/* Begin PBXResourcesBuildPhase section */
		EF913A032BB4FE3A001453E3 /* Resources */ = {
			isa = PBXResourcesBuildPhase;
			buildActionMask = 2147483647;
			files = (
				0149CF412BB52C43008BDD13 /* Poppins-SemiBold.ttf in Resources */,
				EF913A122BB4FE3B001453E3 /* Preview Assets.xcassets in Resources */,
				EF913A0F2BB4FE3B001453E3 /* Assets.xcassets in Resources */,
				0149CF422BB52D9D008BDD13 /* Poppins-Regular.ttf in Resources */,
			);
			runOnlyForDeploymentPostprocessing = 0;
		};
/* End PBXResourcesBuildPhase section */

/* Begin PBXSourcesBuildPhase section */
		EF913A012BB4FE3A001453E3 /* Sources */ = {
			isa = PBXSourcesBuildPhase;
			buildActionMask = 2147483647;
			files = (
				20BFA0312BB799A1007899C5 /* BasketView.swift in Sources */,
				F599E2AB2BBAC322005D627D /* LandingView.swift in Sources */,
				EF1FA6BF2BB887EB00A35097 /* OrderHistoryDetails.swift in Sources */,
				F599E2A72BBA97D3005D627D /* LogIn.swift in Sources */,
				EF9C4DF02BB8592B000E4439 /* OrderHistory.swift in Sources */,
				016343AE2BBAC36B0044FAD7 /* ProductDetailView.swift in Sources */,
				F599E2A92BBAB355005D627D /* SignUpView.swift in Sources */,
				2018A8B12BB9C4C70039D031 /* HomeView.swift in Sources */,
				0163438F2BB931EF0044FAD7 /* Catalogue-CategoryCardView.swift in Sources */,
				016343912BBA54B50044FAD7 /* Catalogue-CartCheckoutView.swift in Sources */,
				EF913A0B2BB4FE3A001453E3 /* ContentView.swift in Sources */,
				EF1FA6C12BBA474800A35097 /* Maps.swift in Sources */,
				2018A8AD2BB84CC20039D031 /* Basket-ProductCardView.swift in Sources */,
				016343B02BBAC3B80044FAD7 /* Header.swift in Sources */,
				EF913A0D2BB4FE3A001453E3 /* Item.swift in Sources */,
				203F29072BBAEB580068D08E /* CategoryCardView.swift in Sources */,
				EF14F8092BBA7A5100789FD8 /* BackButton.swift in Sources */,
				0163438D2BB930270044FAD7 /* Catalogue-ProductCardView.swift in Sources */,
				2018A8AF2BB87A930039D031 /* PaymentOptModalView.swift in Sources */,
				2018A8E92BBA775E0039D031 /* Constant.swift in Sources */,
				0149CF3F2BB52675008BDD13 /* CatalogueView.swift in Sources */,
				EF913A092BB4FE3A001453E3 /* noQApp.swift in Sources */,
			);
			runOnlyForDeploymentPostprocessing = 0;
		};
/* End PBXSourcesBuildPhase section */

/* Begin XCBuildConfiguration section */
		EF913A132BB4FE3B001453E3 /* Debug */ = {
			isa = XCBuildConfiguration;
			buildSettings = {
				ALWAYS_SEARCH_USER_PATHS = NO;
				ASSETCATALOG_COMPILER_GENERATE_SWIFT_ASSET_SYMBOL_EXTENSIONS = YES;
				CLANG_ANALYZER_NONNULL = YES;
				CLANG_ANALYZER_NUMBER_OBJECT_CONVERSION = YES_AGGRESSIVE;
				CLANG_CXX_LANGUAGE_STANDARD = "gnu++20";
				CLANG_ENABLE_MODULES = YES;
				CLANG_ENABLE_OBJC_ARC = YES;
				CLANG_ENABLE_OBJC_WEAK = YES;
				CLANG_WARN_BLOCK_CAPTURE_AUTORELEASING = YES;
				CLANG_WARN_BOOL_CONVERSION = YES;
				CLANG_WARN_COMMA = YES;
				CLANG_WARN_CONSTANT_CONVERSION = YES;
				CLANG_WARN_DEPRECATED_OBJC_IMPLEMENTATIONS = YES;
				CLANG_WARN_DIRECT_OBJC_ISA_USAGE = YES_ERROR;
				CLANG_WARN_DOCUMENTATION_COMMENTS = YES;
				CLANG_WARN_EMPTY_BODY = YES;
				CLANG_WARN_ENUM_CONVERSION = YES;
				CLANG_WARN_INFINITE_RECURSION = YES;
				CLANG_WARN_INT_CONVERSION = YES;
				CLANG_WARN_NON_LITERAL_NULL_CONVERSION = YES;
				CLANG_WARN_OBJC_IMPLICIT_RETAIN_SELF = YES;
				CLANG_WARN_OBJC_LITERAL_CONVERSION = YES;
				CLANG_WARN_OBJC_ROOT_CLASS = YES_ERROR;
				CLANG_WARN_QUOTED_INCLUDE_IN_FRAMEWORK_HEADER = YES;
				CLANG_WARN_RANGE_LOOP_ANALYSIS = YES;
				CLANG_WARN_STRICT_PROTOTYPES = YES;
				CLANG_WARN_SUSPICIOUS_MOVE = YES;
				CLANG_WARN_UNGUARDED_AVAILABILITY = YES_AGGRESSIVE;
				CLANG_WARN_UNREACHABLE_CODE = YES;
				CLANG_WARN__DUPLICATE_METHOD_MATCH = YES;
				COPY_PHASE_STRIP = NO;
				DEBUG_INFORMATION_FORMAT = dwarf;
				ENABLE_STRICT_OBJC_MSGSEND = YES;
				ENABLE_TESTABILITY = YES;
				ENABLE_USER_SCRIPT_SANDBOXING = YES;
				GCC_C_LANGUAGE_STANDARD = gnu17;
				GCC_DYNAMIC_NO_PIC = NO;
				GCC_NO_COMMON_BLOCKS = YES;
				GCC_OPTIMIZATION_LEVEL = 0;
				GCC_PREPROCESSOR_DEFINITIONS = (
					"DEBUG=1",
					"$(inherited)",
				);
				GCC_WARN_64_TO_32_BIT_CONVERSION = YES;
				GCC_WARN_ABOUT_RETURN_TYPE = YES_ERROR;
				GCC_WARN_UNDECLARED_SELECTOR = YES;
				GCC_WARN_UNINITIALIZED_AUTOS = YES_AGGRESSIVE;
				GCC_WARN_UNUSED_FUNCTION = YES;
				GCC_WARN_UNUSED_VARIABLE = YES;
				IPHONEOS_DEPLOYMENT_TARGET = 17.2;
				LOCALIZATION_PREFERS_STRING_CATALOGS = YES;
				MTL_ENABLE_DEBUG_INFO = INCLUDE_SOURCE;
				MTL_FAST_MATH = YES;
				ONLY_ACTIVE_ARCH = YES;
				SDKROOT = iphoneos;
				SWIFT_ACTIVE_COMPILATION_CONDITIONS = "DEBUG $(inherited)";
				SWIFT_OPTIMIZATION_LEVEL = "-Onone";
			};
			name = Debug;
		};
		EF913A142BB4FE3B001453E3 /* Release */ = {
			isa = XCBuildConfiguration;
			buildSettings = {
				ALWAYS_SEARCH_USER_PATHS = NO;
				ASSETCATALOG_COMPILER_GENERATE_SWIFT_ASSET_SYMBOL_EXTENSIONS = YES;
				CLANG_ANALYZER_NONNULL = YES;
				CLANG_ANALYZER_NUMBER_OBJECT_CONVERSION = YES_AGGRESSIVE;
				CLANG_CXX_LANGUAGE_STANDARD = "gnu++20";
				CLANG_ENABLE_MODULES = YES;
				CLANG_ENABLE_OBJC_ARC = YES;
				CLANG_ENABLE_OBJC_WEAK = YES;
				CLANG_WARN_BLOCK_CAPTURE_AUTORELEASING = YES;
				CLANG_WARN_BOOL_CONVERSION = YES;
				CLANG_WARN_COMMA = YES;
				CLANG_WARN_CONSTANT_CONVERSION = YES;
				CLANG_WARN_DEPRECATED_OBJC_IMPLEMENTATIONS = YES;
				CLANG_WARN_DIRECT_OBJC_ISA_USAGE = YES_ERROR;
				CLANG_WARN_DOCUMENTATION_COMMENTS = YES;
				CLANG_WARN_EMPTY_BODY = YES;
				CLANG_WARN_ENUM_CONVERSION = YES;
				CLANG_WARN_INFINITE_RECURSION = YES;
				CLANG_WARN_INT_CONVERSION = YES;
				CLANG_WARN_NON_LITERAL_NULL_CONVERSION = YES;
				CLANG_WARN_OBJC_IMPLICIT_RETAIN_SELF = YES;
				CLANG_WARN_OBJC_LITERAL_CONVERSION = YES;
				CLANG_WARN_OBJC_ROOT_CLASS = YES_ERROR;
				CLANG_WARN_QUOTED_INCLUDE_IN_FRAMEWORK_HEADER = YES;
				CLANG_WARN_RANGE_LOOP_ANALYSIS = YES;
				CLANG_WARN_STRICT_PROTOTYPES = YES;
				CLANG_WARN_SUSPICIOUS_MOVE = YES;
				CLANG_WARN_UNGUARDED_AVAILABILITY = YES_AGGRESSIVE;
				CLANG_WARN_UNREACHABLE_CODE = YES;
				CLANG_WARN__DUPLICATE_METHOD_MATCH = YES;
				COPY_PHASE_STRIP = NO;
				DEBUG_INFORMATION_FORMAT = "dwarf-with-dsym";
				ENABLE_NS_ASSERTIONS = NO;
				ENABLE_STRICT_OBJC_MSGSEND = YES;
				ENABLE_USER_SCRIPT_SANDBOXING = YES;
				GCC_C_LANGUAGE_STANDARD = gnu17;
				GCC_NO_COMMON_BLOCKS = YES;
				GCC_WARN_64_TO_32_BIT_CONVERSION = YES;
				GCC_WARN_ABOUT_RETURN_TYPE = YES_ERROR;
				GCC_WARN_UNDECLARED_SELECTOR = YES;
				GCC_WARN_UNINITIALIZED_AUTOS = YES_AGGRESSIVE;
				GCC_WARN_UNUSED_FUNCTION = YES;
				GCC_WARN_UNUSED_VARIABLE = YES;
				IPHONEOS_DEPLOYMENT_TARGET = 17.2;
				LOCALIZATION_PREFERS_STRING_CATALOGS = YES;
				MTL_ENABLE_DEBUG_INFO = NO;
				MTL_FAST_MATH = YES;
				SDKROOT = iphoneos;
				SWIFT_COMPILATION_MODE = wholemodule;
				VALIDATE_PRODUCT = YES;
			};
			name = Release;
		};
		EF913A162BB4FE3B001453E3 /* Debug */ = {
			isa = XCBuildConfiguration;
			buildSettings = {
				ASSETCATALOG_COMPILER_APPICON_NAME = AppIcon;
				ASSETCATALOG_COMPILER_GLOBAL_ACCENT_COLOR_NAME = AccentColor;
				CODE_SIGN_STYLE = Automatic;
				CURRENT_PROJECT_VERSION = 1;
				DEVELOPMENT_ASSET_PATHS = "\"noQ/Preview Content\"";
				ENABLE_PREVIEWS = YES;
				GENERATE_INFOPLIST_FILE = YES;
				INFOPLIST_FILE = noQ/Info.plist;
				INFOPLIST_KEY_UIApplicationSceneManifest_Generation = YES;
				INFOPLIST_KEY_UIApplicationSupportsIndirectInputEvents = YES;
				INFOPLIST_KEY_UILaunchScreen_Generation = YES;
				INFOPLIST_KEY_UISupportedInterfaceOrientations_iPad = "UIInterfaceOrientationPortrait UIInterfaceOrientationPortraitUpsideDown UIInterfaceOrientationLandscapeLeft UIInterfaceOrientationLandscapeRight";
				INFOPLIST_KEY_UISupportedInterfaceOrientations_iPhone = "UIInterfaceOrientationPortrait UIInterfaceOrientationLandscapeLeft UIInterfaceOrientationLandscapeRight";
				LD_RUNPATH_SEARCH_PATHS = (
					"$(inherited)",
					"@executable_path/Frameworks",
				);
				MARKETING_VERSION = 1.0;
				PRODUCT_BUNDLE_IDENTIFIER = "com.team17-mc1.noQ";
				PRODUCT_NAME = "$(TARGET_NAME)";
				SWIFT_EMIT_LOC_STRINGS = YES;
				SWIFT_VERSION = 5.0;
				TARGETED_DEVICE_FAMILY = "1,2";
			};
			name = Debug;
		};
		EF913A172BB4FE3B001453E3 /* Release */ = {
			isa = XCBuildConfiguration;
			buildSettings = {
				ASSETCATALOG_COMPILER_APPICON_NAME = AppIcon;
				ASSETCATALOG_COMPILER_GLOBAL_ACCENT_COLOR_NAME = AccentColor;
				CODE_SIGN_STYLE = Automatic;
				CURRENT_PROJECT_VERSION = 1;
				DEVELOPMENT_ASSET_PATHS = "\"noQ/Preview Content\"";
				ENABLE_PREVIEWS = YES;
				GENERATE_INFOPLIST_FILE = YES;
				INFOPLIST_FILE = noQ/Info.plist;
				INFOPLIST_KEY_UIApplicationSceneManifest_Generation = YES;
				INFOPLIST_KEY_UIApplicationSupportsIndirectInputEvents = YES;
				INFOPLIST_KEY_UILaunchScreen_Generation = YES;
				INFOPLIST_KEY_UISupportedInterfaceOrientations_iPad = "UIInterfaceOrientationPortrait UIInterfaceOrientationPortraitUpsideDown UIInterfaceOrientationLandscapeLeft UIInterfaceOrientationLandscapeRight";
				INFOPLIST_KEY_UISupportedInterfaceOrientations_iPhone = "UIInterfaceOrientationPortrait UIInterfaceOrientationLandscapeLeft UIInterfaceOrientationLandscapeRight";
				LD_RUNPATH_SEARCH_PATHS = (
					"$(inherited)",
					"@executable_path/Frameworks",
				);
				MARKETING_VERSION = 1.0;
				PRODUCT_BUNDLE_IDENTIFIER = "com.team17-mc1.noQ";
				PRODUCT_NAME = "$(TARGET_NAME)";
				SWIFT_EMIT_LOC_STRINGS = YES;
				SWIFT_VERSION = 5.0;
				TARGETED_DEVICE_FAMILY = "1,2";
			};
			name = Release;
		};
/* End XCBuildConfiguration section */

/* Begin XCConfigurationList section */
		EF913A002BB4FE3A001453E3 /* Build configuration list for PBXProject "noQ" */ = {
			isa = XCConfigurationList;
			buildConfigurations = (
				EF913A132BB4FE3B001453E3 /* Debug */,
				EF913A142BB4FE3B001453E3 /* Release */,
			);
			defaultConfigurationIsVisible = 0;
			defaultConfigurationName = Release;
		};
		EF913A152BB4FE3B001453E3 /* Build configuration list for PBXNativeTarget "noQ" */ = {
			isa = XCConfigurationList;
			buildConfigurations = (
				EF913A162BB4FE3B001453E3 /* Debug */,
				EF913A172BB4FE3B001453E3 /* Release */,
			);
			defaultConfigurationIsVisible = 0;
			defaultConfigurationName = Release;
		};
/* End XCConfigurationList section */
	};
	rootObject = EF9139FD2BB4FE3A001453E3 /* Project object */;
}
